
Microsoft Visual Studio Solution File, Format Version 12.00
# Visual Studio Version 17
VisualStudioVersion = 17.0.32112.339
MinimumVisualStudioVersion = 10.0.40219.1
Project("{9A19103F-16F7-4668-BE54-9A1E7A4F7556}") = "Litium.Accelerator", "Src\Litium.Accelerator\Litium.Accelerator.csproj", "{22375524-AD08-4597-AA36-81AA8CB27B54}"
EndProject
Project("{9A19103F-16F7-4668-BE54-9A1E7A4F7556}") = "Litium.Accelerator.FieldTypes", "Src\Litium.Accelerator.FieldTypes\Litium.Accelerator.FieldTypes.csproj", "{FE03B6D9-DAC1-4542-AE2D-5F95D70A4E48}"
EndProject
Project("{9A19103F-16F7-4668-BE54-9A1E7A4F7556}") = "Litium.Accelerator.Mvc", "Src\Litium.Accelerator.Mvc\Litium.Accelerator.Mvc.csproj", "{81DE3832-ECEA-4677-A00F-3D585F78EFE8}"
	ProjectSection(ProjectDependencies) = postProject
		{8CC0FF15-65D9-4E7A-841E-891F6480A196} = {8CC0FF15-65D9-4E7A-841E-891F6480A196}
	EndProjectSection
EndProject
Project("{9A19103F-16F7-4668-BE54-9A1E7A4F7556}") = "Litium.Accelerator.Elasticsearch", "Src\Litium.Accelerator.Elasticsearch\Litium.Accelerator.Elasticsearch.csproj", "{EEDC346E-2D79-4198-BA7E-7F4E2395CB2A}"
EndProject
Project("{9A19103F-16F7-4668-BE54-9A1E7A4F7556}") = "Litium.Accelerator.Administration.Extensions", "Src\Litium.Accelerator.Administration.Extensions\Litium.Accelerator.Administration.Extensions.csproj", "{9AA2CF1A-1D57-47A5-A3B7-CAA79E19F3A8}"
EndProject
Project("{2150E333-8FDC-42A3-9474-1A3956D46DE8}") = "Test", "Test", "{7E53D24D-E19B-4958-8EF3-CFB829A1AD24}"
EndProject
Project("{9A19103F-16F7-4668-BE54-9A1E7A4F7556}") = "PandoNexis.Accelerator.Extensions", "Src\PandoNexis.Accelerator.Extensions\PandoNexis.Accelerator.Extensions.csproj", "{8CC0FF15-65D9-4E7A-841E-891F6480A196}"
	ProjectSection(ProjectDependencies) = postProject
		{22375524-AD08-4597-AA36-81AA8CB27B54} = {22375524-AD08-4597-AA36-81AA8CB27B54}
		{EEDC346E-2D79-4198-BA7E-7F4E2395CB2A} = {EEDC346E-2D79-4198-BA7E-7F4E2395CB2A}
	EndProjectSection
EndProject
Project("{9A19103F-16F7-4668-BE54-9A1E7A4F7556}") = "PandoNexis.AddOns.Extensions", "Src\PandoNexis.AddOns.Extensions\PandoNexis.AddOns.Extensions.csproj", "{DA52ADAE-84B6-47D8-AC87-487D3CF831C3}"
EndProject
Project("{9A19103F-16F7-4668-BE54-9A1E7A4F7556}") = "Solution.Extensions", "Src\Solution.Extensions\Solution.Extensions.csproj", "{DC49FDA5-2714-4F29-A2F8-69AFC97A3C38}"
EndProject
Global
	GlobalSection(SolutionConfigurationPlatforms) = preSolution
		Debug|Any CPU = Debug|Any CPU
		Production|Any CPU = Production|Any CPU
		Release|Any CPU = Release|Any CPU
	EndGlobalSection
	GlobalSection(ProjectConfigurationPlatforms) = postSolution
		{22375524-AD08-4597-AA36-81AA8CB27B54}.Debug|Any CPU.ActiveCfg = Debug|Any CPU
		{22375524-AD08-4597-AA36-81AA8CB27B54}.Debug|Any CPU.Build.0 = Debug|Any CPU
		{22375524-AD08-4597-AA36-81AA8CB27B54}.Production|Any CPU.ActiveCfg = Debug|Any CPU
		{22375524-AD08-4597-AA36-81AA8CB27B54}.Production|Any CPU.Build.0 = Debug|Any CPU
		{22375524-AD08-4597-AA36-81AA8CB27B54}.Release|Any CPU.ActiveCfg = Release|Any CPU
		{22375524-AD08-4597-AA36-81AA8CB27B54}.Release|Any CPU.Build.0 = Release|Any CPU
		{FE03B6D9-DAC1-4542-AE2D-5F95D70A4E48}.Debug|Any CPU.ActiveCfg = Debug|Any CPU
		{FE03B6D9-DAC1-4542-AE2D-5F95D70A4E48}.Debug|Any CPU.Build.0 = Debug|Any CPU
		{FE03B6D9-DAC1-4542-AE2D-5F95D70A4E48}.Production|Any CPU.ActiveCfg = Debug|Any CPU
		{FE03B6D9-DAC1-4542-AE2D-5F95D70A4E48}.Production|Any CPU.Build.0 = Debug|Any CPU
		{FE03B6D9-DAC1-4542-AE2D-5F95D70A4E48}.Release|Any CPU.ActiveCfg = Release|Any CPU
		{FE03B6D9-DAC1-4542-AE2D-5F95D70A4E48}.Release|Any CPU.Build.0 = Release|Any CPU
		{81DE3832-ECEA-4677-A00F-3D585F78EFE8}.Debug|Any CPU.ActiveCfg = Debug|Any CPU
		{81DE3832-ECEA-4677-A00F-3D585F78EFE8}.Debug|Any CPU.Build.0 = Debug|Any CPU
		{81DE3832-ECEA-4677-A00F-3D585F78EFE8}.Production|Any CPU.ActiveCfg = Production|Any CPU
		{81DE3832-ECEA-4677-A00F-3D585F78EFE8}.Production|Any CPU.Build.0 = Production|Any CPU
		{81DE3832-ECEA-4677-A00F-3D585F78EFE8}.Release|Any CPU.ActiveCfg = Release|Any CPU
		{81DE3832-ECEA-4677-A00F-3D585F78EFE8}.Release|Any CPU.Build.0 = Release|Any CPU
		{EEDC346E-2D79-4198-BA7E-7F4E2395CB2A}.Debug|Any CPU.ActiveCfg = Debug|Any CPU
		{EEDC346E-2D79-4198-BA7E-7F4E2395CB2A}.Debug|Any CPU.Build.0 = Debug|Any CPU
		{EEDC346E-2D79-4198-BA7E-7F4E2395CB2A}.Production|Any CPU.ActiveCfg = Debug|Any CPU
		{EEDC346E-2D79-4198-BA7E-7F4E2395CB2A}.Production|Any CPU.Build.0 = Debug|Any CPU
		{EEDC346E-2D79-4198-BA7E-7F4E2395CB2A}.Release|Any CPU.ActiveCfg = Release|Any CPU
		{EEDC346E-2D79-4198-BA7E-7F4E2395CB2A}.Release|Any CPU.Build.0 = Release|Any CPU
		{9AA2CF1A-1D57-47A5-A3B7-CAA79E19F3A8}.Debug|Any CPU.ActiveCfg = Debug|Any CPU
		{9AA2CF1A-1D57-47A5-A3B7-CAA79E19F3A8}.Debug|Any CPU.Build.0 = Debug|Any CPU
		{9AA2CF1A-1D57-47A5-A3B7-CAA79E19F3A8}.Production|Any CPU.ActiveCfg = Debug|Any CPU
		{9AA2CF1A-1D57-47A5-A3B7-CAA79E19F3A8}.Production|Any CPU.Build.0 = Debug|Any CPU
		{9AA2CF1A-1D57-47A5-A3B7-CAA79E19F3A8}.Release|Any CPU.ActiveCfg = Release|Any CPU
		{9AA2CF1A-1D57-47A5-A3B7-CAA79E19F3A8}.Release|Any CPU.Build.0 = Release|Any CPU
		{8CC0FF15-65D9-4E7A-841E-891F6480A196}.Debug|Any CPU.ActiveCfg = Debug|Any CPU
		{8CC0FF15-65D9-4E7A-841E-891F6480A196}.Debug|Any CPU.Build.0 = Debug|Any CPU
		{8CC0FF15-65D9-4E7A-841E-891F6480A196}.Production|Any CPU.ActiveCfg = Production|Any CPU
		{8CC0FF15-65D9-4E7A-841E-891F6480A196}.Production|Any CPU.Build.0 = Production|Any CPU
		{8CC0FF15-65D9-4E7A-841E-891F6480A196}.Release|Any CPU.ActiveCfg = Release|Any CPU
		{8CC0FF15-65D9-4E7A-841E-891F6480A196}.Release|Any CPU.Build.0 = Release|Any CPU
		{DA52ADAE-84B6-47D8-AC87-487D3CF831C3}.Debug|Any CPU.ActiveCfg = Debug|Any CPU
		{DA52ADAE-84B6-47D8-AC87-487D3CF831C3}.Debug|Any CPU.Build.0 = Debug|Any CPU
		{DA52ADAE-84B6-47D8-AC87-487D3CF831C3}.Production|Any CPU.ActiveCfg = Debug|Any CPU
		{DA52ADAE-84B6-47D8-AC87-487D3CF831C3}.Production|Any CPU.Build.0 = Debug|Any CPU
		{DA52ADAE-84B6-47D8-AC87-487D3CF831C3}.Release|Any CPU.ActiveCfg = Release|Any CPU
		{DA52ADAE-84B6-47D8-AC87-487D3CF831C3}.Release|Any CPU.Build.0 = Release|Any CPU
		{DC49FDA5-2714-4F29-A2F8-69AFC97A3C38}.Debug|Any CPU.ActiveCfg = Debug|Any CPU
		{DC49FDA5-2714-4F29-A2F8-69AFC97A3C38}.Debug|Any CPU.Build.0 = Debug|Any CPU
		{DC49FDA5-2714-4F29-A2F8-69AFC97A3C38}.Production|Any CPU.ActiveCfg = Debug|Any CPU
		{DC49FDA5-2714-4F29-A2F8-69AFC97A3C38}.Production|Any CPU.Build.0 = Debug|Any CPU
		{DC49FDA5-2714-4F29-A2F8-69AFC97A3C38}.Release|Any CPU.ActiveCfg = Release|Any CPU
		{DC49FDA5-2714-4F29-A2F8-69AFC97A3C38}.Release|Any CPU.Build.0 = Release|Any CPU
	EndGlobalSection
	GlobalSection(SolutionProperties) = preSolution
		HideSolutionNode = FALSE
	EndGlobalSection
	GlobalSection(ExtensibilityGlobals) = postSolution
		SolutionGuid = {EFB8E599-2219-412D-8561-CF94E219F133}
	EndGlobalSection
EndGlobal
